
Microsoft Visual Studio Solution File, Format Version 12.00
# Visual Studio Version 17
VisualStudioVersion = 17.10.34928.147
MinimumVisualStudioVersion = 10.0.40219.1
Project("{FAE04EC0-301F-11D3-BF4B-00C04F79EFBC}") = "UrlShortener.API", "UrlShortenerService\UrlShortener.API.csproj", "{38DFB45A-8056-4A61-8F20-425A5FB6B47F}"
EndProject
Global
	GlobalSection(SolutionConfigurationPlatforms) = preSolution
		Debug|Any CPU = Debug|Any CPU
		Release|Any CPU = Release|Any CPU
	EndGlobalSection
	GlobalSection(ProjectConfigurationPlatforms) = postSolution
		{38DFB45A-8056-4A61-8F20-425A5FB6B47F}.Debug|Any CPU.ActiveCfg = Debug|Any CPU
		{38DFB45A-8056-4A61-8F20-425A5FB6B47F}.Debug|Any CPU.Build.0 = Debug|Any CPU
		{38DFB45A-8056-4A61-8F20-425A5FB6B47F}.Release|Any CPU.ActiveCfg = Release|Any CPU
		{38DFB45A-8056-4A61-8F20-425A5FB6B47F}.Release|Any CPU.Build.0 = Release|Any CPU
	EndGlobalSection
	GlobalSection(SolutionProperties) = preSolution
		HideSolutionNode = FALSE
	EndGlobalSection
	GlobalSection(ExtensibilityGlobals) = postSolution
		SolutionGuid = {4608C46C-422F-46A7-ABD9-C1B40CDFDBFA}
	EndGlobalSection
EndGlobal
